
Microsoft Visual Studio Solution File, Format Version 12.00
# Visual Studio Version 16
VisualStudioVersion = 16.0.31005.135
MinimumVisualStudioVersion = 10.0.40219.1
Project("{FAE04EC0-301F-11D3-BF4B-00C04F79EFBC}") = "SwitchCase", "SwitchCase\SwitchCase.csproj", "{BAF4DA20-E316-4E14-B501-88490560BD10}"
EndProject
Global
	GlobalSection(SolutionConfigurationPlatforms) = preSolution
		Debug|Any CPU = Debug|Any CPU
		Release|Any CPU = Release|Any CPU
	EndGlobalSection
	GlobalSection(ProjectConfigurationPlatforms) = postSolution
		{BAF4DA20-E316-4E14-B501-88490560BD10}.Debug|Any CPU.ActiveCfg = Debug|Any CPU
		{BAF4DA20-E316-4E14-B501-88490560BD10}.Debug|Any CPU.Build.0 = Debug|Any CPU
		{BAF4DA20-E316-4E14-B501-88490560BD10}.Release|Any CPU.ActiveCfg = Release|Any CPU
		{BAF4DA20-E316-4E14-B501-88490560BD10}.Release|Any CPU.Build.0 = Release|Any CPU
	EndGlobalSection
	GlobalSection(SolutionProperties) = preSolution
		HideSolutionNode = FALSE
	EndGlobalSection
	GlobalSection(ExtensibilityGlobals) = postSolution
		SolutionGuid = {59691C82-2A7F-4394-9159-B01C14D1361E}
	EndGlobalSection
EndGlobal
